{
  "lockfileVersion": 1,
  "configVersion": 1,
  "workspaces": {
    "": {
      "name": "sandwich",
      "dependencies": {
        "amaro": "1.1.11",
      },
    },
  },
  "packages": {
    "amaro": ["amaro@1.1.11", "", {}, "sha512-Tg8KzTpeCUQ23RNSuA2GeVRxHhkHyq8U9jNpKRjiMQKY2C9iJ7pLlGw2iRy4nNMYtB+tkLghk3swCo13O68zDg=="],
  }
}
